
Microsoft Visual Studio Solution File, Format Version 12.00
# Visual Studio Version 17
VisualStudioVersion = 17.3.32929.385
MinimumVisualStudioVersion = 10.0.40219.1
Project("{FAE04EC0-301F-11D3-BF4B-00C04F79EFBC}") = "Set of vowels", "Set of vowels.csproj", "{C277628B-595F-4453-8003-E129EC595DD1}"
EndProject
Global
	GlobalSection(SolutionConfigurationPlatforms) = preSolution
		Debug|Any CPU = Debug|Any CPU
		Release|Any CPU = Release|Any CPU
	EndGlobalSection
	GlobalSection(ProjectConfigurationPlatforms) = postSolution
		{C277628B-595F-4453-8003-E129EC595DD1}.Debug|Any CPU.ActiveCfg = Debug|Any CPU
		{C277628B-595F-4453-8003-E129EC595DD1}.Debug|Any CPU.Build.0 = Debug|Any CPU
		{C277628B-595F-4453-8003-E129EC595DD1}.Release|Any CPU.ActiveCfg = Release|Any CPU
		{C277628B-595F-4453-8003-E129EC595DD1}.Release|Any CPU.Build.0 = Release|Any CPU
	EndGlobalSection
	GlobalSection(SolutionProperties) = preSolution
		HideSolutionNode = FALSE
	EndGlobalSection
	GlobalSection(ExtensibilityGlobals) = postSolution
		SolutionGuid = {F4791C1F-0E28-4195-AAB5-C7D289A76782}
	EndGlobalSection
EndGlobal
